# THIS IS AN AUTOGENERATED FILE. DO NOT EDIT THIS FILE DIRECTLY.
# yarn lockfile v1


"@dcloudio/uni-ui@^1.0.7":
  version "1.0.7"
  resolved "https://registry.npm.taobao.org/@dcloudio/uni-ui/download/@dcloudio/uni-ui-1.0.7.tgz#a1ea95985011039f0f0b3f3d7c11aa10c642b434"
  integrity sha1-oeqVmFARA58PCz89fBGqEMZCtDQ=

dayjs@^1.8.17:
  version "1.8.17"
  resolved "https://registry.npm.taobao.org/dayjs/download/dayjs-1.8.17.tgz?cache=0&sync_timestamp=1573022518137&other_urls=https%3A%2F%2Fregistry.npm.taobao.org%2Fdayjs%2Fdownload%2Fdayjs-1.8.17.tgz#53ec413f2a7b02afbea1846d61bb260fa8567cea"
  integrity sha1-U+xBPyp7Aq++oYRtYbsmD6hWfOo=
